
Microsoft Visual Studio Solution File, Format Version 12.00
# Visual Studio 2012
Project("{FAE04EC0-301F-11D3-BF4B-00C04F79EFBC}") = "ProjectX._UnitTests", "ProjectX.Tests\ProjectX._UnitTests.csproj", "{A21D99AB-DEC9-41FE-8B1B-34388DF691D0}"
EndProject
Project("{FAE04EC0-301F-11D3-BF4B-00C04F79EFBC}") = "ProjectX.KeywordMapping", "ProjectX.KeywordMapping\ProjectX.KeywordMapping.csproj", "{97A15519-FAB5-471F-A523-950D2B3C4052}"
EndProject
Project("{FAE04EC0-301F-11D3-BF4B-00C04F79EFBC}") = "ProjectX.Interfaces", "ProjectX.Interfaces\ProjectX.Interfaces.csproj", "{60BB0F01-3C90-42F0-9C44-AD66A0885071}"
EndProject
Project("{FAE04EC0-301F-11D3-BF4B-00C04F79EFBC}") = "ProjectX._IntegrationTests", "ProjectX.IntegrationTests\ProjectX._IntegrationTests.csproj", "{0740041E-7D42-441A-969E-FF23F1603DDD}"
EndProject
Project("{FAE04EC0-301F-11D3-BF4B-00C04F79EFBC}") = "ProjectX.Lex", "ProjectX.Lex\ProjectX.Lex.csproj", "{2197D6F8-74DF-4AAC-A0F1-988D07E9375F}"
EndProject
Project("{FAE04EC0-301F-11D3-BF4B-00C04F79EFBC}") = "ProjectX.Input", "ProjectX.Input\ProjectX.Input.csproj", "{86789A09-456C-4322-8B95-2324FDA10220}"
EndProject
Project("{FAE04EC0-301F-11D3-BF4B-00C04F79EFBC}") = "ProjectX.FiniteStateGenerator", "ProjectX.FiniteStateGenerator\ProjectX.FiniteStateGenerator.csproj", "{C40421D0-3550-4AD6-A7EF-81447E92C3D4}"
EndProject
Global
	GlobalSection(SolutionConfigurationPlatforms) = preSolution
		Debug|Any CPU = Debug|Any CPU
		Release|Any CPU = Release|Any CPU
	EndGlobalSection
	GlobalSection(ProjectConfigurationPlatforms) = postSolution
		{A21D99AB-DEC9-41FE-8B1B-34388DF691D0}.Debug|Any CPU.ActiveCfg = Debug|Any CPU
		{A21D99AB-DEC9-41FE-8B1B-34388DF691D0}.Debug|Any CPU.Build.0 = Debug|Any CPU
		{A21D99AB-DEC9-41FE-8B1B-34388DF691D0}.Release|Any CPU.ActiveCfg = Release|Any CPU
		{A21D99AB-DEC9-41FE-8B1B-34388DF691D0}.Release|Any CPU.Build.0 = Release|Any CPU
		{97A15519-FAB5-471F-A523-950D2B3C4052}.Debug|Any CPU.ActiveCfg = Debug|Any CPU
		{97A15519-FAB5-471F-A523-950D2B3C4052}.Debug|Any CPU.Build.0 = Debug|Any CPU
		{97A15519-FAB5-471F-A523-950D2B3C4052}.Release|Any CPU.ActiveCfg = Release|Any CPU
		{97A15519-FAB5-471F-A523-950D2B3C4052}.Release|Any CPU.Build.0 = Release|Any CPU
		{60BB0F01-3C90-42F0-9C44-AD66A0885071}.Debug|Any CPU.ActiveCfg = Debug|Any CPU
		{60BB0F01-3C90-42F0-9C44-AD66A0885071}.Debug|Any CPU.Build.0 = Debug|Any CPU
		{60BB0F01-3C90-42F0-9C44-AD66A0885071}.Release|Any CPU.ActiveCfg = Release|Any CPU
		{60BB0F01-3C90-42F0-9C44-AD66A0885071}.Release|Any CPU.Build.0 = Release|Any CPU
		{0740041E-7D42-441A-969E-FF23F1603DDD}.Debug|Any CPU.ActiveCfg = Debug|Any CPU
		{0740041E-7D42-441A-969E-FF23F1603DDD}.Debug|Any CPU.Build.0 = Debug|Any CPU
		{0740041E-7D42-441A-969E-FF23F1603DDD}.Release|Any CPU.ActiveCfg = Release|Any CPU
		{0740041E-7D42-441A-969E-FF23F1603DDD}.Release|Any CPU.Build.0 = Release|Any CPU
		{2197D6F8-74DF-4AAC-A0F1-988D07E9375F}.Debug|Any CPU.ActiveCfg = Debug|Any CPU
		{2197D6F8-74DF-4AAC-A0F1-988D07E9375F}.Debug|Any CPU.Build.0 = Debug|Any CPU
		{2197D6F8-74DF-4AAC-A0F1-988D07E9375F}.Release|Any CPU.ActiveCfg = Release|Any CPU
		{2197D6F8-74DF-4AAC-A0F1-988D07E9375F}.Release|Any CPU.Build.0 = Release|Any CPU
		{86789A09-456C-4322-8B95-2324FDA10220}.Debug|Any CPU.ActiveCfg = Debug|Any CPU
		{86789A09-456C-4322-8B95-2324FDA10220}.Debug|Any CPU.Build.0 = Debug|Any CPU
		{86789A09-456C-4322-8B95-2324FDA10220}.Release|Any CPU.ActiveCfg = Release|Any CPU
		{86789A09-456C-4322-8B95-2324FDA10220}.Release|Any CPU.Build.0 = Release|Any CPU
		{C40421D0-3550-4AD6-A7EF-81447E92C3D4}.Debug|Any CPU.ActiveCfg = Debug|Any CPU
		{C40421D0-3550-4AD6-A7EF-81447E92C3D4}.Debug|Any CPU.Build.0 = Debug|Any CPU
		{C40421D0-3550-4AD6-A7EF-81447E92C3D4}.Release|Any CPU.ActiveCfg = Release|Any CPU
		{C40421D0-3550-4AD6-A7EF-81447E92C3D4}.Release|Any CPU.Build.0 = Release|Any CPU
	EndGlobalSection
	GlobalSection(SolutionProperties) = preSolution
		HideSolutionNode = FALSE
	EndGlobalSection
EndGlobal
